
Microsoft Visual Studio Solution File, Format Version 12.00
# Visual Studio Version 17
VisualStudioVersion = 17.1.31911.260
MinimumVisualStudioVersion = 10.0.40219.1
Project("{FAE04EC0-301F-11D3-BF4B-00C04F79EFBC}") = "krohalev_1", "krohalev_1.csproj", "{92E8C5A5-56F8-4C4E-A795-D76E25D9EEAE}"
EndProject
Global
	GlobalSection(SolutionConfigurationPlatforms) = preSolution
		Debug|Any CPU = Debug|Any CPU
		Release|Any CPU = Release|Any CPU
	EndGlobalSection
	GlobalSection(ProjectConfigurationPlatforms) = postSolution
		{92E8C5A5-56F8-4C4E-A795-D76E25D9EEAE}.Debug|Any CPU.ActiveCfg = Debug|Any CPU
		{92E8C5A5-56F8-4C4E-A795-D76E25D9EEAE}.Debug|Any CPU.Build.0 = Debug|Any CPU
		{92E8C5A5-56F8-4C4E-A795-D76E25D9EEAE}.Release|Any CPU.ActiveCfg = Release|Any CPU
		{92E8C5A5-56F8-4C4E-A795-D76E25D9EEAE}.Release|Any CPU.Build.0 = Release|Any CPU
	EndGlobalSection
	GlobalSection(SolutionProperties) = preSolution
		HideSolutionNode = FALSE
	EndGlobalSection
	GlobalSection(ExtensibilityGlobals) = postSolution
		SolutionGuid = {A56BCC77-9B2A-4B77-A8BF-AC4B86296AC0}
	EndGlobalSection
EndGlobal
